
Microsoft Visual Studio Solution File, Format Version 12.00
# Visual Studio Version 17
VisualStudioVersion = 17.7.34221.43
MinimumVisualStudioVersion = 10.0.40219.1
Project("{FAE04EC0-301F-11D3-BF4B-00C04F79EFBC}") = "Calculator", "Calculator.csproj", "{110DC6E3-A6F2-4BA7-BF72-FC3DFB7CF740}"
EndProject
Global
	GlobalSection(SolutionConfigurationPlatforms) = preSolution
		Debug|Any CPU = Debug|Any CPU
		Release|Any CPU = Release|Any CPU
	EndGlobalSection
	GlobalSection(ProjectConfigurationPlatforms) = postSolution
		{110DC6E3-A6F2-4BA7-BF72-FC3DFB7CF740}.Debug|Any CPU.ActiveCfg = Debug|Any CPU
		{110DC6E3-A6F2-4BA7-BF72-FC3DFB7CF740}.Debug|Any CPU.Build.0 = Debug|Any CPU
		{110DC6E3-A6F2-4BA7-BF72-FC3DFB7CF740}.Release|Any CPU.ActiveCfg = Release|Any CPU
		{110DC6E3-A6F2-4BA7-BF72-FC3DFB7CF740}.Release|Any CPU.Build.0 = Release|Any CPU
	EndGlobalSection
	GlobalSection(SolutionProperties) = preSolution
		HideSolutionNode = FALSE
	EndGlobalSection
	GlobalSection(ExtensibilityGlobals) = postSolution
		SolutionGuid = {EFD9C67F-2405-486D-BDAA-DF67D72A0DA1}
	EndGlobalSection
EndGlobal
