
Microsoft Visual Studio Solution File, Format Version 12.00
# Visual Studio Version 17
VisualStudioVersion = 17.5.33516.290
MinimumVisualStudioVersion = 10.0.40219.1
Project("{FAE04EC0-301F-11D3-BF4B-00C04F79EFBC}") = "Lesson9POO", "Lesson9POO\Lesson9POO.csproj", "{48CCE2C6-6611-450B-A7C8-F5B30B23903B}"
EndProject
Global
	GlobalSection(SolutionConfigurationPlatforms) = preSolution
		Debug|Any CPU = Debug|Any CPU
		Release|Any CPU = Release|Any CPU
	EndGlobalSection
	GlobalSection(ProjectConfigurationPlatforms) = postSolution
		{48CCE2C6-6611-450B-A7C8-F5B30B23903B}.Debug|Any CPU.ActiveCfg = Debug|Any CPU
		{48CCE2C6-6611-450B-A7C8-F5B30B23903B}.Debug|Any CPU.Build.0 = Debug|Any CPU
		{48CCE2C6-6611-450B-A7C8-F5B30B23903B}.Release|Any CPU.ActiveCfg = Release|Any CPU
		{48CCE2C6-6611-450B-A7C8-F5B30B23903B}.Release|Any CPU.Build.0 = Release|Any CPU
	EndGlobalSection
	GlobalSection(SolutionProperties) = preSolution
		HideSolutionNode = FALSE
	EndGlobalSection
	GlobalSection(ExtensibilityGlobals) = postSolution
		SolutionGuid = {96A38E5B-D1BB-40AA-9AF8-D329CED4EB56}
	EndGlobalSection
EndGlobal
