
Microsoft Visual Studio Solution File, Format Version 12.00
# Visual Studio Version 17
VisualStudioVersion = 17.5.33516.290
MinimumVisualStudioVersion = 10.0.40219.1
Project("{FAE04EC0-301F-11D3-BF4B-00C04F79EFBC}") = "Lesson8POO", "Lesson8POO\Lesson8POO.csproj", "{AE93E5FD-A886-4F84-BCD4-742A0890AF58}"
EndProject
Global
	GlobalSection(SolutionConfigurationPlatforms) = preSolution
		Debug|Any CPU = Debug|Any CPU
		Release|Any CPU = Release|Any CPU
	EndGlobalSection
	GlobalSection(ProjectConfigurationPlatforms) = postSolution
		{AE93E5FD-A886-4F84-BCD4-742A0890AF58}.Debug|Any CPU.ActiveCfg = Debug|Any CPU
		{AE93E5FD-A886-4F84-BCD4-742A0890AF58}.Debug|Any CPU.Build.0 = Debug|Any CPU
		{AE93E5FD-A886-4F84-BCD4-742A0890AF58}.Release|Any CPU.ActiveCfg = Release|Any CPU
		{AE93E5FD-A886-4F84-BCD4-742A0890AF58}.Release|Any CPU.Build.0 = Release|Any CPU
	EndGlobalSection
	GlobalSection(SolutionProperties) = preSolution
		HideSolutionNode = FALSE
	EndGlobalSection
	GlobalSection(ExtensibilityGlobals) = postSolution
		SolutionGuid = {E4C5445A-826F-4058-BE75-915C2A176F33}
	EndGlobalSection
EndGlobal
