
Microsoft Visual Studio Solution File, Format Version 12.00
# Visual Studio Version 17
VisualStudioVersion = 17.7.34221.43
MinimumVisualStudioVersion = 10.0.40219.1
Project("{FAE04EC0-301F-11D3-BF4B-00C04F79EFBC}") = "BookingApp", "BookingApp.csproj", "{44B50E68-74BB-4D2E-870F-494B97F77978}"
EndProject
Global
	GlobalSection(SolutionConfigurationPlatforms) = preSolution
		Debug|Any CPU = Debug|Any CPU
		Release|Any CPU = Release|Any CPU
	EndGlobalSection
	GlobalSection(ProjectConfigurationPlatforms) = postSolution
		{44B50E68-74BB-4D2E-870F-494B97F77978}.Debug|Any CPU.ActiveCfg = Debug|Any CPU
		{44B50E68-74BB-4D2E-870F-494B97F77978}.Debug|Any CPU.Build.0 = Debug|Any CPU
		{44B50E68-74BB-4D2E-870F-494B97F77978}.Release|Any CPU.ActiveCfg = Release|Any CPU
		{44B50E68-74BB-4D2E-870F-494B97F77978}.Release|Any CPU.Build.0 = Release|Any CPU
	EndGlobalSection
	GlobalSection(SolutionProperties) = preSolution
		HideSolutionNode = FALSE
	EndGlobalSection
	GlobalSection(ExtensibilityGlobals) = postSolution
		SolutionGuid = {26C8B6D1-7276-4FBF-B7A1-BD1EF24F6FA3}
	EndGlobalSection
EndGlobal
